
Microsoft Visual Studio Solution File, Format Version 12.00
# Visual Studio 15
Project("{FAE04EC0-301F-11D3-BF4B-00C04F79EFBC}") = "Assembly-CSharp", "Assembly-CSharp.csproj", "{ED5BE654-77CA-B56F-BAE6-F51471BABD01}"
EndProject
Project("{FAE04EC0-301F-11D3-BF4B-00C04F79EFBC}") = "Assembly-CSharp-Editor", "Assembly-CSharp-Editor.csproj", "{DD8E4A8F-00EF-9DC5-7459-F747AEC3B1F8}"
EndProject
Global
	GlobalSection(SolutionConfigurationPlatforms) = preSolution
		Debug|Any CPU = Debug|Any CPU
		Release|Any CPU = Release|Any CPU
	EndGlobalSection
	GlobalSection(ProjectConfigurationPlatforms) = postSolution
		{ED5BE654-77CA-B56F-BAE6-F51471BABD01}.Debug|Any CPU.ActiveCfg = Debug|Any CPU
		{ED5BE654-77CA-B56F-BAE6-F51471BABD01}.Debug|Any CPU.Build.0 = Debug|Any CPU
		{ED5BE654-77CA-B56F-BAE6-F51471BABD01}.Release|Any CPU.ActiveCfg = Release|Any CPU
		{ED5BE654-77CA-B56F-BAE6-F51471BABD01}.Release|Any CPU.Build.0 = Release|Any CPU
		{DD8E4A8F-00EF-9DC5-7459-F747AEC3B1F8}.Debug|Any CPU.ActiveCfg = Debug|Any CPU
		{DD8E4A8F-00EF-9DC5-7459-F747AEC3B1F8}.Debug|Any CPU.Build.0 = Debug|Any CPU
		{DD8E4A8F-00EF-9DC5-7459-F747AEC3B1F8}.Release|Any CPU.ActiveCfg = Release|Any CPU
		{DD8E4A8F-00EF-9DC5-7459-F747AEC3B1F8}.Release|Any CPU.Build.0 = Release|Any CPU
	EndGlobalSection
	GlobalSection(SolutionProperties) = preSolution
		HideSolutionNode = FALSE
	EndGlobalSection
EndGlobal
